
Microsoft Visual Studio Solution File, Format Version 11.00
# Visual C++ Express 2010
Project("{8BC9CEB8-8B4A-11D0-8D11-00A0C91BC942}") = "sparse", "sparse\sparse.vcxproj", "{FD7F57F4-5284-49B5-BF47-CE76ABF6F192}"
EndProject
Global
	GlobalSection(SolutionConfigurationPlatforms) = preSolution
		Debug|Win32 = Debug|Win32
		Release|Win32 = Release|Win32
	EndGlobalSection
	GlobalSection(ProjectConfigurationPlatforms) = postSolution
		{FD7F57F4-5284-49B5-BF47-CE76ABF6F192}.Debug|Win32.ActiveCfg = Debug|Win32
		{FD7F57F4-5284-49B5-BF47-CE76ABF6F192}.Debug|Win32.Build.0 = Debug|Win32
		{FD7F57F4-5284-49B5-BF47-CE76ABF6F192}.Release|Win32.ActiveCfg = Release|Win32
		{FD7F57F4-5284-49B5-BF47-CE76ABF6F192}.Release|Win32.Build.0 = Release|Win32
	EndGlobalSection
	GlobalSection(SolutionProperties) = preSolution
		HideSolutionNode = FALSE
	EndGlobalSection
EndGlobal
